// !$*UTF8*$!
{
	archiveVersion = 1;
	classes = {
	};
	objectVersion = 77;
	objects = {

/* Begin PBXBuildFile section */
		6AC8135E78DBC337EFBB76EC /* NavigationX in Frameworks */ = {isa = PBXBuildFile; productRef = 26C1D480273776E2482F7CB5 /* NavigationX */; };
		6FA097777F9F91A251A6AA49 /* BaseSwiftUIScreen.swift in Sources */ = {isa = PBXBuildFile; fileRef = B12EC94CC37809939BB59D3B /* BaseSwiftUIScreen.swift */; };
		9B36D1BB18522B1051AE0A5B /* NavigationXDemoApp.swift in Sources */ = {isa = PBXBuildFile; fileRef = F04FBE1873F478E35849F3C0 /* NavigationXDemoApp.swift */; };
		D7E2FAAF0F2255D1B7CF2F96 /* StackInspectorView.swift in Sources */ = {isa = PBXBuildFile; fileRef = 2048778FFCA5DE0D8E40013B /* StackInspectorView.swift */; };
		EB35BD80E8AA636564EB1264 /* BaseViewController.swift in Sources */ = {isa = PBXBuildFile; fileRef = C248B7D72EC8189CADA300C9 /* BaseViewController.swift */; };
/* End PBXBuildFile section */

/* Begin PBXFileReference section */
		2048778FFCA5DE0D8E40013B /* StackInspectorView.swift */ = {isa = PBXFileReference; lastKnownFileType = sourcecode.swift; path = StackInspectorView.swift; sourceTree = "<group>"; };
		694EA1A96D3483B846FE2ED5 /* NavigationXDemo.app */ = {isa = PBXFileReference; includeInIndex = 0; lastKnownFileType = wrapper.application; path = NavigationXDemo.app; sourceTree = BUILT_PRODUCTS_DIR; };
		A5E863B70C6450C1306223D3 /* NavigationBridge */ = {isa = PBXFileReference; lastKnownFileType = folder; name = NavigationBridge; path = ../..; sourceTree = SOURCE_ROOT; };
		B12EC94CC37809939BB59D3B /* BaseSwiftUIScreen.swift */ = {isa = PBXFileReference; lastKnownFileType = sourcecode.swift; path = BaseSwiftUIScreen.swift; sourceTree = "<group>"; };
		C248B7D72EC8189CADA300C9 /* BaseViewController.swift */ = {isa = PBXFileReference; lastKnownFileType = sourcecode.swift; path = BaseViewController.swift; sourceTree = "<group>"; };
		F04FBE1873F478E35849F3C0 /* NavigationXDemoApp.swift */ = {isa = PBXFileReference; lastKnownFileType = sourcecode.swift; path = NavigationXDemoApp.swift; sourceTree = "<group>"; };
/* End PBXFileReference section */

/* Begin PBXFrameworksBuildPhase section */
		3730F2F48D383B70B862822C /* Frameworks */ = {
			isa = PBXFrameworksBuildPhase;
			buildActionMask = 2147483647;
			files = (
				6AC8135E78DBC337EFBB76EC /* NavigationX in Frameworks */,
			);
			runOnlyForDeploymentPostprocessing = 0;
		};
/* End PBXFrameworksBuildPhase section */

/* Begin PBXGroup section */
		5E06E22BEF0E7EE21C2145A4 /* Products */ = {
			isa = PBXGroup;
			children = (
				694EA1A96D3483B846FE2ED5 /* NavigationXDemo.app */,
			);
			name = Products;
			sourceTree = "<group>";
		};
		656E64E919BE0F906F741C79 /* Screens */ = {
			isa = PBXGroup;
			children = (
				A7E1C48ADEE645713B004152 /* SwiftUI */,
				F4602CD7ABC4E8FCC2137154 /* UIKit */,
			);
			path = Screens;
			sourceTree = "<group>";
		};
		A7E1C48ADEE645713B004152 /* SwiftUI */ = {
			isa = PBXGroup;
			children = (
				B12EC94CC37809939BB59D3B /* BaseSwiftUIScreen.swift */,
			);
			path = SwiftUI;
			sourceTree = "<group>";
		};
		C7A8D12489FCCC5EF4A69948 /* NavigationXDemo */ = {
			isa = PBXGroup;
			children = (
				F04FBE1873F478E35849F3C0 /* NavigationXDemoApp.swift */,
				2048778FFCA5DE0D8E40013B /* StackInspectorView.swift */,
				656E64E919BE0F906F741C79 /* Screens */,
			);
			path = NavigationXDemo;
			sourceTree = "<group>";
		};
		D384868BF0589D0208743AC7 /* Packages */ = {
			isa = PBXGroup;
			children = (
				A5E863B70C6450C1306223D3 /* NavigationBridge */,
			);
			name = Packages;
			sourceTree = "<group>";
		};
		D3EE48D060AE799F654CE330 = {
			isa = PBXGroup;
			children = (
				C7A8D12489FCCC5EF4A69948 /* NavigationXDemo */,
				D384868BF0589D0208743AC7 /* Packages */,
				5E06E22BEF0E7EE21C2145A4 /* Products */,
			);
			sourceTree = "<group>";
		};
		F4602CD7ABC4E8FCC2137154 /* UIKit */ = {
			isa = PBXGroup;
			children = (
				C248B7D72EC8189CADA300C9 /* BaseViewController.swift */,
			);
			path = UIKit;
			sourceTree = "<group>";
		};
/* End PBXGroup section */

/* Begin PBXNativeTarget section */
		A6180AA1FA5934F451C0504F /* NavigationXDemo */ = {
			isa = PBXNativeTarget;
			buildConfigurationList = 7DF85E460ABE4F08881AD866 /* Build configuration list for PBXNativeTarget "NavigationXDemo" */;
			buildPhases = (
				74B27F27821100989641CC94 /* Sources */,
				3730F2F48D383B70B862822C /* Frameworks */,
			);
			buildRules = (
			);
			dependencies = (
			);
			name = NavigationXDemo;
			packageProductDependencies = (
				26C1D480273776E2482F7CB5 /* NavigationX */,
			);
			productName = NavigationXDemo;
			productReference = 694EA1A96D3483B846FE2ED5 /* NavigationXDemo.app */;
			productType = "com.apple.product-type.application";
		};
/* End PBXNativeTarget section */

/* Begin PBXProject section */
		80B52C72CFB06F20A3425A7B /* Project object */ = {
			isa = PBXProject;
			attributes = {
				BuildIndependentTargetsInParallel = YES;
				LastUpgradeCheck = 1430;
				TargetAttributes = {
					A6180AA1FA5934F451C0504F = {
						DevelopmentTeam = "";
						ProvisioningStyle = Automatic;
					};
				};
			};
			buildConfigurationList = 879E2A260D152210BC23354D /* Build configuration list for PBXProject "NavigationXDemo" */;
			compatibilityVersion = "Xcode 14.0";
			developmentRegion = en;
			hasScannedForEncodings = 0;
			knownRegions = (
				Base,
				en,
			);
			mainGroup = D3EE48D060AE799F654CE330;
			minimizedProjectReferenceProxies = 1;
			packageReferences = (
				253340BB6E7EAE6B879E8B5A /* XCLocalSwiftPackageReference "../.." */,
			);
			preferredProjectObjectVersion = 77;
			projectDirPath = "";
			projectRoot = "";
			targets = (
				A6180AA1FA5934F451C0504F /* NavigationXDemo */,
			);
		};
/* End PBXProject section */

/* Begin PBXSourcesBuildPhase section */
		74B27F27821100989641CC94 /* Sources */ = {
			isa = PBXSourcesBuildPhase;
			buildActionMask = 2147483647;
			files = (
				6FA097777F9F91A251A6AA49 /* BaseSwiftUIScreen.swift in Sources */,
				EB35BD80E8AA636564EB1264 /* BaseViewController.swift in Sources */,
				9B36D1BB18522B1051AE0A5B /* NavigationXDemoApp.swift in Sources */,
				D7E2FAAF0F2255D1B7CF2F96 /* StackInspectorView.swift in Sources */,
			);
			runOnlyForDeploymentPostprocessing = 0;
		};
/* End PBXSourcesBuildPhase section */

/* Begin XCBuildConfiguration section */
		58AFE1B32BC453258E122E20 /* Release */ = {
			isa = XCBuildConfiguration;
			buildSettings = {
				ASSETCATALOG_COMPILER_APPICON_NAME = AppIcon;
				CODE_SIGN_IDENTITY = "iPhone Developer";
				CODE_SIGN_STYLE = Automatic;
				CURRENT_PROJECT_VERSION = 1;
				DEVELOPMENT_TEAM = "";
				GENERATE_INFOPLIST_FILE = YES;
				INFOPLIST_KEY_UIApplicationSceneManifest_Generation = YES;
				INFOPLIST_KEY_UILaunchScreen_Generation = YES;
				LD_RUNPATH_SEARCH_PATHS = (
					"$(inherited)",
					"@executable_path/Frameworks",
				);
				MARKETING_VERSION = 1.0;
				PRODUCT_BUNDLE_IDENTIFIER = com.navigationx.demo;
				SDKROOT = iphoneos;
				SWIFT_STRICT_CONCURRENCY = complete;
				SWIFT_VERSION = 6.0;
				TARGETED_DEVICE_FAMILY = "1,2";
			};
			name = Release;
		};
		7BE7B4BD3E98B2ECBE515B6B /* Debug */ = {
			isa = XCBuildConfiguration;
			buildSettings = {
				ASSETCATALOG_COMPILER_APPICON_NAME = AppIcon;
				CODE_SIGN_IDENTITY = "iPhone Developer";
				CODE_SIGN_STYLE = Automatic;
				CURRENT_PROJECT_VERSION = 1;
				DEVELOPMENT_TEAM = "";
				GENERATE_INFOPLIST_FILE = YES;
				INFOPLIST_KEY_UIApplicationSceneManifest_Generation = YES;
				INFOPLIST_KEY_UILaunchScreen_Generation = YES;
				LD_RUNPATH_SEARCH_PATHS = (
					"$(inherited)",
					"@executable_path/Frameworks",
				);
				MARKETING_VERSION = 1.0;
				PRODUCT_BUNDLE_IDENTIFIER = com.navigationx.demo;
				SDKROOT = iphoneos;
				SWIFT_STRICT_CONCURRENCY = complete;
				SWIFT_VERSION = 6.0;
				TARGETED_DEVICE_FAMILY = "1,2";
			};
			name = Debug;
		};
		85DD952E290D70D40B467F7B /* Release */ = {
			isa = XCBuildConfiguration;
			buildSettings = {
				ALWAYS_SEARCH_USER_PATHS = NO;
				CLANG_ANALYZER_NONNULL = YES;
				CLANG_ANALYZER_NUMBER_OBJECT_CONVERSION = YES_AGGRESSIVE;
				CLANG_CXX_LANGUAGE_STANDARD = "gnu++14";
				CLANG_CXX_LIBRARY = "libc++";
				CLANG_ENABLE_MODULES = YES;
				CLANG_ENABLE_OBJC_ARC = YES;
				CLANG_ENABLE_OBJC_WEAK = YES;
				CLANG_WARN_BLOCK_CAPTURE_AUTORELEASING = YES;
				CLANG_WARN_BOOL_CONVERSION = YES;
				CLANG_WARN_COMMA = YES;
				CLANG_WARN_CONSTANT_CONVERSION = YES;
				CLANG_WARN_DEPRECATED_OBJC_IMPLEMENTATIONS = YES;
				CLANG_WARN_DIRECT_OBJC_ISA_USAGE = YES_ERROR;
				CLANG_WARN_DOCUMENTATION_COMMENTS = YES;
				CLANG_WARN_EMPTY_BODY = YES;
				CLANG_WARN_ENUM_CONVERSION = YES;
				CLANG_WARN_INFINITE_RECURSION = YES;
				CLANG_WARN_INT_CONVERSION = YES;
				CLANG_WARN_NON_LITERAL_NULL_CONVERSION = YES;
				CLANG_WARN_OBJC_IMPLICIT_RETAIN_SELF = YES;
				CLANG_WARN_OBJC_LITERAL_CONVERSION = YES;
				CLANG_WARN_OBJC_ROOT_CLASS = YES_ERROR;
				CLANG_WARN_QUOTED_INCLUDE_IN_FRAMEWORK_HEADER = YES;
				CLANG_WARN_RANGE_LOOP_ANALYSIS = YES;
				CLANG_WARN_STRICT_PROTOTYPES = YES;
				CLANG_WARN_SUSPICIOUS_MOVE = YES;
				CLANG_WARN_UNGUARDED_AVAILABILITY = YES_AGGRESSIVE;
				CLANG_WARN_UNREACHABLE_CODE = YES;
				CLANG_WARN__DUPLICATE_METHOD_MATCH = YES;
				COPY_PHASE_STRIP = NO;
				DEBUG_INFORMATION_FORMAT = "dwarf-with-dsym";
				ENABLE_NS_ASSERTIONS = NO;
				ENABLE_STRICT_OBJC_MSGSEND = YES;
				GCC_C_LANGUAGE_STANDARD = gnu11;
				GCC_NO_COMMON_BLOCKS = YES;
				GCC_WARN_64_TO_32_BIT_CONVERSION = YES;
				GCC_WARN_ABOUT_RETURN_TYPE = YES_ERROR;
				GCC_WARN_UNDECLARED_SELECTOR = YES;
				GCC_WARN_UNINITIALIZED_AUTOS = YES_AGGRESSIVE;
				GCC_WARN_UNUSED_FUNCTION = YES;
				GCC_WARN_UNUSED_VARIABLE = YES;
				IPHONEOS_DEPLOYMENT_TARGET = 16.0;
				MTL_ENABLE_DEBUG_INFO = NO;
				MTL_FAST_MATH = YES;
				PRODUCT_NAME = "$(TARGET_NAME)";
				SDKROOT = iphoneos;
				SWIFT_COMPILATION_MODE = wholemodule;
				SWIFT_OPTIMIZATION_LEVEL = "-O";
				SWIFT_VERSION = 5.0;
			};
			name = Release;
		};
		DA85D0EC78F6805DF61288D1 /* Debug */ = {
			isa = XCBuildConfiguration;
			buildSettings = {
				ALWAYS_SEARCH_USER_PATHS = NO;
				CLANG_ANALYZER_NONNULL = YES;
				CLANG_ANALYZER_NUMBER_OBJECT_CONVERSION = YES_AGGRESSIVE;
				CLANG_CXX_LANGUAGE_STANDARD = "gnu++14";
				CLANG_CXX_LIBRARY = "libc++";
				CLANG_ENABLE_MODULES = YES;
				CLANG_ENABLE_OBJC_ARC = YES;
				CLANG_ENABLE_OBJC_WEAK = YES;
				CLANG_WARN_BLOCK_CAPTURE_AUTORELEASING = YES;
				CLANG_WARN_BOOL_CONVERSION = YES;
				CLANG_WARN_COMMA = YES;
				CLANG_WARN_CONSTANT_CONVERSION = YES;
				CLANG_WARN_DEPRECATED_OBJC_IMPLEMENTATIONS = YES;
				CLANG_WARN_DIRECT_OBJC_ISA_USAGE = YES_ERROR;
				CLANG_WARN_DOCUMENTATION_COMMENTS = YES;
				CLANG_WARN_EMPTY_BODY = YES;
				CLANG_WARN_ENUM_CONVERSION = YES;
				CLANG_WARN_INFINITE_RECURSION = YES;
				CLANG_WARN_INT_CONVERSION = YES;
				CLANG_WARN_NON_LITERAL_NULL_CONVERSION = YES;
				CLANG_WARN_OBJC_IMPLICIT_RETAIN_SELF = YES;
				CLANG_WARN_OBJC_LITERAL_CONVERSION = YES;
				CLANG_WARN_OBJC_ROOT_CLASS = YES_ERROR;
				CLANG_WARN_QUOTED_INCLUDE_IN_FRAMEWORK_HEADER = YES;
				CLANG_WARN_RANGE_LOOP_ANALYSIS = YES;
				CLANG_WARN_STRICT_PROTOTYPES = YES;
				CLANG_WARN_SUSPICIOUS_MOVE = YES;
				CLANG_WARN_UNGUARDED_AVAILABILITY = YES_AGGRESSIVE;
				CLANG_WARN_UNREACHABLE_CODE = YES;
				CLANG_WARN__DUPLICATE_METHOD_MATCH = YES;
				COPY_PHASE_STRIP = NO;
				DEBUG_INFORMATION_FORMAT = dwarf;
				ENABLE_STRICT_OBJC_MSGSEND = YES;
				ENABLE_TESTABILITY = YES;
				GCC_C_LANGUAGE_STANDARD = gnu11;
				GCC_DYNAMIC_NO_PIC = NO;
				GCC_NO_COMMON_BLOCKS = YES;
				GCC_OPTIMIZATION_LEVEL = 0;
				GCC_PREPROCESSOR_DEFINITIONS = (
					"$(inherited)",
					"DEBUG=1",
				);
				GCC_WARN_64_TO_32_BIT_CONVERSION = YES;
				GCC_WARN_ABOUT_RETURN_TYPE = YES_ERROR;
				GCC_WARN_UNDECLARED_SELECTOR = YES;
				GCC_WARN_UNINITIALIZED_AUTOS = YES_AGGRESSIVE;
				GCC_WARN_UNUSED_FUNCTION = YES;
				GCC_WARN_UNUSED_VARIABLE = YES;
				IPHONEOS_DEPLOYMENT_TARGET = 16.0;
				MTL_ENABLE_DEBUG_INFO = INCLUDE_SOURCE;
				MTL_FAST_MATH = YES;
				ONLY_ACTIVE_ARCH = YES;
				PRODUCT_NAME = "$(TARGET_NAME)";
				SDKROOT = iphoneos;
				SWIFT_ACTIVE_COMPILATION_CONDITIONS = DEBUG;
				SWIFT_OPTIMIZATION_LEVEL = "-Onone";
				SWIFT_VERSION = 5.0;
			};
			name = Debug;
		};
/* End XCBuildConfiguration section */

/* Begin XCConfigurationList section */
		7DF85E460ABE4F08881AD866 /* Build configuration list for PBXNativeTarget "NavigationXDemo" */ = {
			isa = XCConfigurationList;
			buildConfigurations = (
				7BE7B4BD3E98B2ECBE515B6B /* Debug */,
				58AFE1B32BC453258E122E20 /* Release */,
			);
			defaultConfigurationIsVisible = 0;
			defaultConfigurationName = Debug;
		};
		879E2A260D152210BC23354D /* Build configuration list for PBXProject "NavigationXDemo" */ = {
			isa = XCConfigurationList;
			buildConfigurations = (
				DA85D0EC78F6805DF61288D1 /* Debug */,
				85DD952E290D70D40B467F7B /* Release */,
			);
			defaultConfigurationIsVisible = 0;
			defaultConfigurationName = Debug;
		};
/* End XCConfigurationList section */

/* Begin XCLocalSwiftPackageReference section */
		253340BB6E7EAE6B879E8B5A /* XCLocalSwiftPackageReference "../.." */ = {
			isa = XCLocalSwiftPackageReference;
			relativePath = ../..;
		};
/* End XCLocalSwiftPackageReference section */

/* Begin XCSwiftPackageProductDependency section */
		26C1D480273776E2482F7CB5 /* NavigationX */ = {
			isa = XCSwiftPackageProductDependency;
			productName = NavigationX;
		};
/* End XCSwiftPackageProductDependency section */
	};
	rootObject = 80B52C72CFB06F20A3425A7B /* Project object */;
}
